# THIS IS AN AUTOGENERATED FILE. DO NOT EDIT THIS FILE DIRECTLY.
# yarn lockfile v1


"@babel/parser@^7.7.5":
  version "7.14.4"
  resolved "https://registry.yarnpkg.com/@babel/parser/-/parser-7.14.4.tgz#a5c560d6db6cd8e6ed342368dea8039232cbab18"
  integrity sha512-ArliyUsWDUqEGfWcmzpGUzNfLxTdTp6WU4IuP6QFSp9gGfWS6boxFCkJSJ/L4+RG8z/FnIU3WxCk6hPL9SSWeA==

"@textlint-rule/textlint-rule-no-invalid-control-character@^2.0.0":
  version "2.0.0"
  resolved "https://registry.yarnpkg.com/@textlint-rule/textlint-rule-no-invalid-control-character/-/textlint-rule-no-invalid-control-character-2.0.0.tgz#1d058af373bc34256097941429d0c04e5eca519a"
  integrity sha512-EmTC9mrmI5tm9AS+/jv46CzQVycdPjAvH5sk0DjjYCXYNv2oTWk+7naAyKJ3kKQlLzG4KHmX/JDHerVF2T6S2Q==
  dependencies:
    execall "^1.0.0"

"@textlint/ast-node-types@^4.4.3":
  version "4.4.3"
  resolved "https://registry.yarnpkg.com/@textlint/ast-node-types/-/ast-node-types-4.4.3.tgz#fdba16e8126cddc50f45433ce7f6c55e7829566c"
  integrity sha512-qi2jjgO6Tn3KNPGnm6B7p6QTEPvY95NFsIAaJuwbulur8iJUEenp1OnoUfiDaC/g2WPPEFkcfXpmnu8XEMFo2A==

"@textlint/module-interop@^12.0.0":
  version "12.0.0"
  resolved "https://registry.yarnpkg.com/@textlint/module-interop/-/module-interop-12.0.0.tgz#f6f4a513f7d58c25304fc1e6a544989a82565978"
  integrity sha512-WSuwd3pd2xYDCYqpA6NE8FwMZS4WJ2gZmsSCXBpOh3qJ/pHbmrfEaiwOpGQJA4RfXVp8Fy5KfaAQJIr+wox98A==

"@textlint/types@^1.5.5":
  version "1.5.5"
  resolved "https://registry.yarnpkg.com/@textlint/types/-/types-1.5.5.tgz#9c82dbcbf4e00116573f05c6739c6c8ec3b35304"
  integrity sha512-80P6fcqgsG9bP6JgR6W/E/oIx+71pplaicYCvvB4vMIeGk0OnWls4Q21kCpDYmq/C/ABtZ/Gy/Ov/8ExQPeQ7A==
  dependencies:
    "@textlint/ast-node-types" "^4.4.3"

"@types/unist@^2.0.0":
  version "2.0.3"
  resolved "https://registry.yarnpkg.com/@types/unist/-/unist-2.0.3.tgz#9c088679876f374eb5983f150d4787aa6fb32d7e"
  integrity sha512-FvUupuM3rlRsRtCN+fDudtmytGO6iHJuuRKS1Ss0pG5z8oX0diNEw94UEL7hgDbpN94rgaK5R7sWm6RrSkZuAQ==

amp-create-callback@^1.0.0:
  version "1.0.1"
  resolved "https://registry.yarnpkg.com/amp-create-callback/-/amp-create-callback-1.0.1.tgz#51bb6f1491545d86e9bf236caff514bbb4578310"
  integrity sha1-UbtvFJFUXYbpvyNsr/UUu7RXgxA=

amp-each@^1.0.1:
  version "1.0.1"
  resolved "https://registry.yarnpkg.com/amp-each/-/amp-each-1.0.1.tgz#0d6c8a33bf499c8b3de62322457c78b9eda5c00f"
  integrity sha1-DWyKM79JnIs95iMiRXx4ue2lwA8=
  dependencies:
    amp-create-callback "^1.0.0"
    amp-keys "^1.0.0"

amp-has@^1.0.0:
  version "1.0.1"
  resolved "https://registry.yarnpkg.com/amp-has/-/amp-has-1.0.1.tgz#dcc58a090a4c6fc4947cdb6e8c410ed9ff5202c6"
  integrity sha1-3MWKCQpMb8SUfNtujEEO2f9SAsY=

amp-index-of@^1.0.0:
  version "1.1.0"
  resolved "https://registry.yarnpkg.com/amp-index-of/-/amp-index-of-1.1.0.tgz#d1d798ea57da552b021365b85b1e38ddf993b1c1"
  integrity sha1-0deY6lfaVSsCE2W4Wx443fmTscE=
  dependencies:
    amp-is-number "^1.0.0"

amp-is-number@^1.0.0:
  version "1.0.1"
  resolved "https://registry.yarnpkg.com/amp-is-number/-/amp-is-number-1.0.1.tgz#f430d2e65d1bbd2cc41dbd9afb7f03d3e328a314"
  integrity sha1-9DDS5l0bvSzEHb2a+38D0+MooxQ=

amp-is-object@^1.0.0:
  version "1.0.1"
  resolved "https://registry.yarnpkg.com/amp-is-object/-/amp-is-object-1.0.1.tgz#0a8cb5956b9112a16a73677e8cbad37bba247702"
  integrity sha1-Coy1lWuREqFqc2d+jLrTe7okdwI=

amp-keys@^1.0.0:
  version "1.0.1"
  resolved "https://registry.yarnpkg.com/amp-keys/-/amp-keys-1.0.1.tgz#b721fb831da79881504f4eb44a39ed930a5bb129"
  integrity sha1-tyH7gx2nmIFQT060SjntkwpbsSk=
  dependencies:
    amp-has "^1.0.0"
    amp-index-of "^1.0.0"
    amp-is-object "^1.0.0"

analyze-desumasu-dearu@^2.1.2:
  version "2.1.5"
  resolved "https://registry.yarnpkg.com/analyze-desumasu-dearu/-/analyze-desumasu-dearu-2.1.5.tgz#9caa2a5a06146c20679f7dc9f3af527db6f68f41"
  integrity sha1-nKoqWgYUbCBnn33J869Sfbb2j0E=

analyze-desumasu-dearu@^5.0.0:
  version "5.0.0"
  resolved "https://registry.yarnpkg.com/analyze-desumasu-dearu/-/analyze-desumasu-dearu-5.0.0.tgz#6989e449d5633c79f6b2598b6e810e929e013f36"
  integrity sha512-lqDmW0jmncEp1iNI+B0sr1LuadeO2dmDevHvWXoBev70Kekgi+XW3kZS41tpHoUvx3ZEBvDKgHceeYzKbJXx3Q==
  dependencies:
    kuromojin "^3.0.0"

argparse@^1.0.7:
  version "1.0.10"
  resolved "https://registry.yarnpkg.com/argparse/-/argparse-1.0.10.tgz#bcd6791ea5ae09725e17e5ad988134cd40b3d911"
  integrity sha512-o5Roy6tNG4SL/FOkCAN6RzjiakZS25RLYFrcMttJqbdd8BWrnA+fGz57iN5Pb06pvBGvl5gQ0B48dJlslXvoTg==
  dependencies:
    sprintf-js "~1.0.2"

async@^2.0.1:
  version "2.6.3"
  resolved "https://registry.yarnpkg.com/async/-/async-2.6.3.tgz#d72625e2344a3656e3a3ad4fa749fa83299d82ff"
  integrity sha512-zflvls11DCy+dQWzTW2dzuilv8Z5X/pjfmZOWba6TNIVDm+2UDaJmXSOXlasHKfNBs8oo3M0aT50fDEWfKZjXg==
  dependencies:
    lodash "^4.17.14"

boundary@^1.0.1:
  version "1.0.1"
  resolved "https://registry.yarnpkg.com/boundary/-/boundary-1.0.1.tgz#4d67dc2602c0cc16dd9bce7ebf87e948290f5812"
  integrity sha1-TWfcJgLAzBbdm85+v4fpSCkPWBI=

call-bind@^1.0.2:
  version "1.0.2"
  resolved "https://registry.yarnpkg.com/call-bind/-/call-bind-1.0.2.tgz#b1d4e89e688119c3c9a903ad30abb2f6a919be3c"
  integrity sha512-7O+FbCihrB5WGbFYesctwmTKae6rOiIzmz1icreWJ+0aA7LJfuqhEso2T9ncpcFtzMQtzXf2QGGueWJGTYsqrA==
  dependencies:
    function-bind "^1.1.1"
    get-intrinsic "^1.0.2"

clone-regexp@^1.0.0:
  version "1.0.1"
  resolved "https://registry.yarnpkg.com/clone-regexp/-/clone-regexp-1.0.1.tgz#051805cd33173375d82118fc0918606da39fd60f"
  integrity sha512-Fcij9IwRW27XedRIJnSOEupS7RVcXtObJXbcUOX93UCLqqOdRpkvzKywOOSizmEK/Is3S/RHX9dLdfo6R1Q1mw==
  dependencies:
    is-regexp "^1.0.0"
    is-supported-regexp-flag "^1.0.0"

code-point@^1.0.1:
  version "1.1.0"
  resolved "https://registry.yarnpkg.com/code-point/-/code-point-1.1.0.tgz#999841f51f54ccae4a0dabbc869063234603fecd"
  integrity sha1-mZhB9R9UzK5KDau8hpBjI0YD/s0=

commandpost@^1.2.1:
  version "1.4.0"
  resolved "https://registry.yarnpkg.com/commandpost/-/commandpost-1.4.0.tgz#89218012089dfc9b67a337ba162f15c88e0f1048"
  integrity sha512-aE2Y4MTFJ870NuB/+2z1cXBhSBBzRydVVjzhFC4gtenEhpnj15yu0qptWGJsO9YGrcPZ3ezX8AWb1VA391MKpQ==

define-properties@^1.1.3:
  version "1.1.3"
  resolved "https://registry.yarnpkg.com/define-properties/-/define-properties-1.1.3.tgz#cf88da6cbee26fe6db7094f61d870cbd84cee9f1"
  integrity sha512-3MqfYKj2lLzdMSf8ZIZE/V+Zuy+BgD6f164e8K2w7dgnpKArBDerGYpM46IYYcjnkdPNMjPk9A6VFB8+3SKlXQ==
  dependencies:
    object-keys "^1.0.12"

diff@^4.0.1:
  version "4.0.2"
  resolved "https://registry.yarnpkg.com/diff/-/diff-4.0.2.tgz#60f3aecb89d5fae520c11aa19efc2bb982aade7d"
  integrity sha512-58lmxKSA4BNyLz+HHMUzlOEpg09FV+ev6ZMe3vJihgdxzgcwZ8VoEEPmALCZG9LmqfVoNMMKpttIYTVG6uDY7A==

doublearray@0.0.2:
  version "0.0.2"
  resolved "https://registry.yarnpkg.com/doublearray/-/doublearray-0.0.2.tgz#63186fe8d34413276d3621f6aa0ec5f79e227ef9"
  integrity sha1-Yxhv6NNEEydtNiH2qg7F954ifvk=

esprima@^4.0.0:
  version "4.0.1"
  resolved "https://registry.yarnpkg.com/esprima/-/esprima-4.0.1.tgz#13b04cdb3e6c5d19df91ab6987a8695619b0aa71"
  integrity sha512-eGuFFw7Upda+g4p+QHvnW0RyTX/SVeJBDM/gCtMARO0cLuT2HcEKnTPvhjV6aGeqrCB/sbNop0Kszm0jsaWU4A==

execall@^1.0.0:
  version "1.0.0"
  resolved "https://registry.yarnpkg.com/execall/-/execall-1.0.0.tgz#73d0904e395b3cab0658b08d09ec25307f29bb73"
  integrity sha1-c9CQTjlbPKsGWLCNCewlMH8pu3M=
  dependencies:
    clone-regexp "^1.0.0"

function-bind@^1.1.1:
  version "1.1.1"
  resolved "https://registry.yarnpkg.com/function-bind/-/function-bind-1.1.1.tgz#a56899d3ea3c9bab874bb9773b7c5ede92f4895d"
  integrity sha512-yIovAzMX49sF8Yl58fSCWJ5svSLuaibPxXQJFLmBObTuCr0Mf1KiPopGM9NiFjiYBCbfaa2Fh6breQ6ANVTI0A==

get-intrinsic@^1.0.2:
  version "1.1.1"
  resolved "https://registry.yarnpkg.com/get-intrinsic/-/get-intrinsic-1.1.1.tgz#15f59f376f855c446963948f0d24cd3637b4abc6"
  integrity sha512-kWZrnVM42QCiEA2Ig1bG8zjoIMOgxWwYCEeNdwY6Tv/cOSeGpcoX4pXHfKUxNKVoArnrEr2e9srnAxxGIraS9Q==
  dependencies:
    function-bind "^1.1.1"
    has "^1.0.3"
    has-symbols "^1.0.1"

has-symbols@^1.0.1:
  version "1.0.2"
  resolved "https://registry.yarnpkg.com/has-symbols/-/has-symbols-1.0.2.tgz#165d3070c00309752a1236a479331e3ac56f1423"
  integrity sha512-chXa79rL/UC2KlX17jo3vRGz0azaWEx5tGqZg5pO3NUyEJVB17dMruQlzCCOfUvElghKcm5194+BCRvi2Rv/Gw==

has@^1.0.3:
  version "1.0.3"
  resolved "https://registry.yarnpkg.com/has/-/has-1.0.3.tgz#722d7cbfc1f6aa8241f16dd814e011e1f41e8796"
  integrity sha512-f2dvO0VU6Oej7RkWJGrehjbzMAjFp5/VKPp5tTpWIV4JHHZK1/BxbFRtf/siA2SWTe09caDmVtYYzWEIbBS4zw==
  dependencies:
    function-bind "^1.1.1"

is-regexp@^1.0.0:
  version "1.0.0"
  resolved "https://registry.yarnpkg.com/is-regexp/-/is-regexp-1.0.0.tgz#fd2d883545c46bac5a633e7b9a09e87fa2cb5069"
  integrity sha1-/S2INUXEa6xaYz57mgnof6LLUGk=

is-supported-regexp-flag@^1.0.0:
  version "1.0.1"
  resolved "https://registry.yarnpkg.com/is-supported-regexp-flag/-/is-supported-regexp-flag-1.0.1.tgz#21ee16518d2c1dd3edd3e9a0d57e50207ac364ca"
  integrity sha512-3vcJecUUrpgCqc/ca0aWeNu64UGgxcvO60K/Fkr1N6RSvfGCTU60UKN68JDmKokgba0rFFJs12EnzOQa14ubKQ==

japanese-numerals-to-number@^1.0.2:
  version "1.0.2"
  resolved "https://registry.yarnpkg.com/japanese-numerals-to-number/-/japanese-numerals-to-number-1.0.2.tgz#cbfcb18ca6e93a51b062f33a5e5d29d9d7693d94"
  integrity sha1-y/yxjKbpOlGwYvM6Xl0p2ddpPZQ=

joyo-kanji@^0.2.1:
  version "0.2.1"
  resolved "https://registry.yarnpkg.com/joyo-kanji/-/joyo-kanji-0.2.1.tgz#5e2e8ea2b903ba9333f1680c66902fc9682ea592"
  integrity sha1-Xi6OorkDupMz8WgMZpAvyWgupZI=

js-yaml@^3.9.1:
  version "3.14.1"
  resolved "https://registry.yarnpkg.com/js-yaml/-/js-yaml-3.14.1.tgz#dae812fdb3825fa306609a8717383c50c36a0537"
  integrity sha512-okMH7OXXJ7YrN9Ok3/SXrnu4iX9yOk+25nqX4imS2npuvTYDmo/QEZoqwZkYaIDk3jVvBOTOIEgEhaLOynBS9g==
  dependencies:
    argparse "^1.0.7"
    esprima "^4.0.0"

kuromoji@0.1.2:
  version "0.1.2"
  resolved "https://registry.yarnpkg.com/kuromoji/-/kuromoji-0.1.2.tgz#293f0d6706df006112137980588d5daac26d0790"
  integrity sha512-V0dUf+C2LpcPEXhoHLMAop/bOht16Dyr+mDiIE39yX3vqau7p80De/koFqpiTcL1zzdZlc3xuHZ8u5gjYRfFaQ==
  dependencies:
    async "^2.0.1"
    doublearray "0.0.2"
    zlibjs "^0.3.1"

kuromojin@^3.0.0:
  version "3.0.0"
  resolved "https://registry.yarnpkg.com/kuromojin/-/kuromojin-3.0.0.tgz#54a1a6643110f49f741c4beb82fef400d1cd498b"
  integrity sha512-3h3qnn/NVVhqoKFP4oc7e6apO2B01Atc056oiVlIY7Uoup4rhrnBe28g3y9lK1HTmLDQEejvXB+3I3qxAneF7A==
  dependencies:
    kuromoji "0.1.2"
    lru_map "^0.4.1"

lodash@^4.17.14:
  version "4.17.21"
  resolved "https://registry.yarnpkg.com/lodash/-/lodash-4.17.21.tgz#679591c564c3bffaae8454cf0b3df370c3d6911c"
  integrity sha512-v2kDEe57lecTulaDIuNTPy3Ry4gLGJ6Z1O3vE1krgXZNrsQ+LFTGHVxVjcXPs17LhbZVGedAJv8XZ1tvj5FvSg==

lru_map@^0.4.1:
  version "0.4.1"
  resolved "https://registry.yarnpkg.com/lru_map/-/lru_map-0.4.1.tgz#f7b4046283c79fb7370c36f8fca6aee4324b0a98"
  integrity sha512-I+lBvqMMFfqaV8CJCISjI3wbjmwVu/VyOoU7+qtu9d7ioW5klMgsTTiUOUp+DJvfTTzKXoPbyC6YfgkNcyPSOg==

match-index@^1.0.1, match-index@^1.0.3:
  version "1.0.3"
  resolved "https://registry.yarnpkg.com/match-index/-/match-index-1.0.3.tgz#752ec60c6586ea5dd440d5e62cfbff25838c071a"
  integrity sha512-1XjyBWqCvEFFUDW/MPv0RwbITRD4xQXOvKoPYtLDq8IdZTfdF/cQSo5Yn4qvhfSSZgjgkTFsqJD2wOUG4ovV8Q==
  dependencies:
    regexp.prototype.flags "^1.1.1"

moji@^0.5.1:
  version "0.5.1"
  resolved "https://registry.yarnpkg.com/moji/-/moji-0.5.1.tgz#088eecd1c22c8f31a240adcf9c95e54f33eb54fb"
  integrity sha1-CI7s0cIsjzGiQK3PnJXlTzPrVPs=
  dependencies:
    object-assign "^3.0.0"

object-assign@^3.0.0:
  version "3.0.0"
  resolved "https://registry.yarnpkg.com/object-assign/-/object-assign-3.0.0.tgz#9bedd5ca0897949bca47e7ff408062d549f587f2"
  integrity sha1-m+3VygiXlJvKR+f/QIBi1Un1h/I=

object-keys@^1.0.12:
  version "1.1.1"
  resolved "https://registry.yarnpkg.com/object-keys/-/object-keys-1.1.1.tgz#1c47f272df277f3b1daf061677d9c82e2322c60e"
  integrity sha512-NuAESUOUMrlIXOfHKzD6bpPu3tYt3xvjNdRIQ+FeT0lNb4K8WR70CaDxhuNguS2XG+GjkyMwOzsN5ZktImfhLA==

prh@^5.4.4:
  version "5.4.4"
  resolved "https://registry.yarnpkg.com/prh/-/prh-5.4.4.tgz#5b618213a187f3580f262f4e0f79e8e8561ea179"
  integrity sha512-UATF+R/2H8owxwPvF12Knihu9aYGTuZttGHrEEq5NBWz38mREh23+WvCVKX3fhnIZIMV7ye6E1fnqAl+V6WYEw==
  dependencies:
    commandpost "^1.2.1"
    diff "^4.0.1"
    js-yaml "^3.9.1"

regexp.prototype.flags@^1.1.1:
  version "1.3.1"
  resolved "https://registry.yarnpkg.com/regexp.prototype.flags/-/regexp.prototype.flags-1.3.1.tgz#7ef352ae8d159e758c0eadca6f8fcb4eef07be26"
  integrity sha512-JiBdRBq91WlY7uRJ0ds7R+dU02i6LKi8r3BuQhNXn+kmeLN+EfHhfjqMRis1zJxnlu88hq/4dx0P2OP3APRTOA==
  dependencies:
    call-bind "^1.0.2"
    define-properties "^1.1.3"

regx@^1.0.4:
  version "1.0.4"
  resolved "https://registry.yarnpkg.com/regx/-/regx-1.0.4.tgz#a0ee32c308910902019ca1117ed41b9ddd041b2f"
  integrity sha1-oO4ywwiRCQIBnKERftQbnd0EGy8=

sorted-array@^2.0.1:
  version "2.0.4"
  resolved "https://registry.yarnpkg.com/sorted-array/-/sorted-array-2.0.4.tgz#5d62bbfe64d1bde3cf4b6b79530a6feb95afb5ae"
  integrity sha512-58INzrX0rL6ttCfsGoFmOuQY5AjR6A5E/MmGKJ5JvWHOey6gOEOC6vO8K6C0Y2bQR6KJ8o8aFwHjp/mJ/HcYsQ==

sorted-joyo-kanji@^0.2.0:
  version "0.2.0"
  resolved "https://registry.yarnpkg.com/sorted-joyo-kanji/-/sorted-joyo-kanji-0.2.0.tgz#34ae6bbaf0ee0a5e9165b2a4eeb51e2ab23e185c"
  integrity sha1-NK5ruvDuCl6RZbKk7rUeKrI+GFw=
  dependencies:
    amp-each "^1.0.1"
    code-point "^1.0.1"
    joyo-kanji "^0.2.1"
    sorted-array "^2.0.1"

sprintf-js@~1.0.2:
  version "1.0.3"
  resolved "https://registry.yarnpkg.com/sprintf-js/-/sprintf-js-1.0.3.tgz#04e6926f662895354f3dd015203633b857297e2c"
  integrity sha1-BOaSb2YolTVPPdAVIDYzuFcpfiw=

structured-source@^3.0.2:
  version "3.0.2"
  resolved "https://registry.yarnpkg.com/structured-source/-/structured-source-3.0.2.tgz#dd802425e0f53dc4a6e7aca3752901a1ccda7af5"
  integrity sha1-3YAkJeD1PcSm56yjdSkBoczaevU=
  dependencies:
    boundary "^1.0.1"

textlint-rule-helper@^2.0.0, textlint-rule-helper@^2.1.1, textlint-rule-helper@^2.2.0:
  version "2.2.0"
  resolved "https://registry.yarnpkg.com/textlint-rule-helper/-/textlint-rule-helper-2.2.0.tgz#30522ba904a03849d57ea3e5ebd5920027cd8da3"
  integrity sha512-9S5CsgQuQwPjM2wvr4JGdpkLf+pR9gOjedSQFa/Dkrbh+D9MXt1LIR4Jvx1RujKtt2nq42prmEX2q3xOxyUcIQ==
  dependencies:
    "@textlint/ast-node-types" "^4.4.3"
    "@textlint/types" "^1.5.5"
    structured-source "^3.0.2"
    unist-util-visit "^1.1.0"

textlint-rule-ja-nakaguro-or-halfwidth-space-between-katakana@^2.1.3:
  version "2.1.3"
  resolved "https://registry.yarnpkg.com/textlint-rule-ja-nakaguro-or-halfwidth-space-between-katakana/-/textlint-rule-ja-nakaguro-or-halfwidth-space-between-katakana-2.1.3.tgz#08e0ae906e729b50231ca609077ecdf5bccb9055"
  integrity sha512-PpEuBPUMG9LZStG+mgNM7ixPTpHXjGa8M3L3X0vO+dOTnp77/6WFt78aBhisLnjVmk6PoL0u+vJVwIrj6LcM4w==
  dependencies:
    match-index "^1.0.3"
    textlint-rule-helper "^2.2.0"

textlint-rule-ja-no-space-around-parentheses@^2.1.3:
  version "2.1.3"
  resolved "https://registry.yarnpkg.com/textlint-rule-ja-no-space-around-parentheses/-/textlint-rule-ja-no-space-around-parentheses-2.1.3.tgz#b3574f99012e4c729d2d5f096ee880e05e1fffa4"
  integrity sha512-cyOrJvCfgQjW7KYki9sECcmaarseamNqrIhwmcj/OpCs/h6hdUEhmxuqB9vC6fiadJRJziprjiwCVawDZXguUA==
  dependencies:
    match-index "^1.0.3"
    textlint-rule-helper "^2.2.0"

textlint-rule-ja-no-space-between-full-width@^2.1.3:
  version "2.1.3"
  resolved "https://registry.yarnpkg.com/textlint-rule-ja-no-space-between-full-width/-/textlint-rule-ja-no-space-between-full-width-2.1.3.tgz#8976ed4ae26703a93c20226c2d24419aae04fa7a"
  integrity sha512-F2QR2Lg4je67WIdXIGfuiaVs4Rg9+OzKZRgEfqq/ZfVaVWk4O8i12R+6y2+A0dzDlPPrPQzKlwXnsR5O+G9I4w==
  dependencies:
    match-index "^1.0.3"
    regx "^1.0.4"
    textlint-rule-helper "^2.2.0"

textlint-rule-ja-space-after-exclamation@^2.1.3:
  version "2.1.3"
  resolved "https://registry.yarnpkg.com/textlint-rule-ja-space-after-exclamation/-/textlint-rule-ja-space-after-exclamation-2.1.3.tgz#83323d2b3f04e4e48f24745a2dfef9fb7fed809b"
  integrity sha512-wFk1nbYTonT4cUaSBwR/XT8I7mF401tevq7WwkqyvhqdDhM9mSttjMIwxZ81FbyIgcsvkY6nZHN+WCK+7zB/7A==
  dependencies:
    match-index "^1.0.3"
    textlint-rule-helper "^2.2.0"

textlint-rule-ja-space-after-question@^2.1.3:
  version "2.1.3"
  resolved "https://registry.yarnpkg.com/textlint-rule-ja-space-after-question/-/textlint-rule-ja-space-after-question-2.1.3.tgz#2b58743a366b1eb3adaee0bdcfcfb077de06a653"
  integrity sha512-PyAqIYwzwzDhZVPqLqXdDRmznV23zQQl9EAR3iAuY/4opoHc/iaxNtECqkfJwuI1y3lXQkiHyRLcrvC/qB58ZQ==
  dependencies:
    match-index "^1.0.1"
    textlint-rule-helper "^2.2.0"

textlint-rule-ja-space-around-code@^2.1.3:
  version "2.1.3"
  resolved "https://registry.yarnpkg.com/textlint-rule-ja-space-around-code/-/textlint-rule-ja-space-around-code-2.1.3.tgz#0e0e7f55c205a99bc7a7696eb4f2a2c018582b1b"
  integrity sha512-EoVMBSEsE56D7ykPFaZ9THBMesIKXZOkBIpLRPT8Rib+675o+MOGno5jOkXSHuNWgvyhpRLIbc3Ai1uwP2W1hw==
  dependencies:
    match-index "^1.0.1"
    textlint-rule-helper "^2.2.0"

textlint-rule-ja-space-between-half-and-full-width@^2.1.3:
  version "2.1.3"
  resolved "https://registry.yarnpkg.com/textlint-rule-ja-space-between-half-and-full-width/-/textlint-rule-ja-space-between-half-and-full-width-2.1.3.tgz#7678629bd42e3c5af0010c920d61baef316ca72f"
  integrity sha512-Unvqh5C92BUPktVEN8L6occpo6mve0fLlxDwY8B6U9ZzBp0vWasV04GcDKKifDDqYAitm3fAMYtmd2t2J1Zv5A==
  dependencies:
    match-index "^1.0.1"
    textlint-rule-helper "^2.2.0"

textlint-rule-no-mix-dearu-desumasu@^5.0.0:
  version "5.0.0"
  resolved "https://registry.yarnpkg.com/textlint-rule-no-mix-dearu-desumasu/-/textlint-rule-no-mix-dearu-desumasu-5.0.0.tgz#c17ebc015cafc75ca38d10766f18c7593ee9c239"
  integrity sha512-fBNWXBUeP9xuxZYjNqm3PQDsHStYPxpkJaLwTvbNQEZ6rpC1dHsHwLujYtuAQVuvrfxxU6J4jtepP61rhjPA8g==
  dependencies:
    analyze-desumasu-dearu "^5.0.0"
    textlint-rule-helper "^2.0.0"
    unist-util-visit "^3.0.0"

textlint-rule-no-nfd@^1.0.2:
  version "1.0.2"
  resolved "https://registry.yarnpkg.com/textlint-rule-no-nfd/-/textlint-rule-no-nfd-1.0.2.tgz#8c5793b57caada6e620b89d7a1d2886487dbbe2e"
  integrity sha512-n6tUx40/V6koDo78qqePHxSovuwSIKO0xwY3FCqVDbcfg9GxQCjde1twQJ99T3bs4LabhPOo/Pt3USaQ9XcTRQ==
  dependencies:
    match-index "^1.0.3"
    textlint-rule-helper "^2.1.1"
    unorm "^1.4.1"

textlint-rule-no-zero-width-spaces@^1.0.1:
  version "1.0.1"
  resolved "https://registry.yarnpkg.com/textlint-rule-no-zero-width-spaces/-/textlint-rule-no-zero-width-spaces-1.0.1.tgz#15a6abda05f08e483d5bb33a7034d904259d77a3"
  integrity sha512-AkxpzBILGB4YsXddzHx2xqpXmqMv5Yd+PQm4anUV+ADSJuwLP1Jd6yHf/LOtu9j3ps8K3XM9vQrXRK73z0bU3A==

textlint-rule-preset-ja-spacing@^2.1.3:
  version "2.1.3"
  resolved "https://registry.yarnpkg.com/textlint-rule-preset-ja-spacing/-/textlint-rule-preset-ja-spacing-2.1.3.tgz#773be672f9abab3aa44b9ebcd5dc3c886e26ff27"
  integrity sha512-SPfSuWUO3YCUpYyGwQmH1qPK345CxR1eO+Ul6S3G8njc0CgYGJdzTQ2A+LIXYKtWLz/FZikSZppTj5k68uTVPQ==
  dependencies:
    textlint-rule-ja-nakaguro-or-halfwidth-space-between-katakana "^2.1.3"
    textlint-rule-ja-no-space-around-parentheses "^2.1.3"
    textlint-rule-ja-no-space-between-full-width "^2.1.3"
    textlint-rule-ja-space-after-exclamation "^2.1.3"
    textlint-rule-ja-space-after-question "^2.1.3"
    textlint-rule-ja-space-around-code "^2.1.3"
    textlint-rule-ja-space-between-half-and-full-width "^2.1.3"

textlint-rule-preset-jtf-style@^2.3.12:
  version "2.3.12"
  resolved "https://registry.yarnpkg.com/textlint-rule-preset-jtf-style/-/textlint-rule-preset-jtf-style-2.3.12.tgz#17a114c24eb83c093ecb7c352eb4447441581e40"
  integrity sha512-Te2pQWku6hpLknWh8rpFjAiOZpSZa3yMaBEbmdstFf8C9ejX6+LXI0gn7vlb7nBbDWnLV+pgVoYXWtqk2W5Jig==
  dependencies:
    analyze-desumasu-dearu "^2.1.2"
    japanese-numerals-to-number "^1.0.2"
    match-index "^1.0.3"
    moji "^0.5.1"
    regexp.prototype.flags "^1.1.1"
    regx "^1.0.4"
    sorted-joyo-kanji "^0.2.0"
    textlint-rule-helper "^2.2.0"
    textlint-rule-prh "^5.2.1"

textlint-rule-prh@^5.2.1:
  version "5.3.0"
  resolved "https://registry.yarnpkg.com/textlint-rule-prh/-/textlint-rule-prh-5.3.0.tgz#c3a002e3e1b59751eb6b93dff81810caeb764a9f"
  integrity sha512-gdod+lL1SWUDyXs1ICEwvQawaSshT3mvPGufBIjF2R5WFPdKQDMsiuzsjkLm+aF+9d97dA6pFsiyC8gSW7mSgg==
  dependencies:
    "@babel/parser" "^7.7.5"
    prh "^5.4.4"
    textlint-rule-helper "^2.1.1"
    untildify "^3.0.3"

unist-util-is@^3.0.0:
  version "3.0.0"
  resolved "https://registry.yarnpkg.com/unist-util-is/-/unist-util-is-3.0.0.tgz#d9e84381c2468e82629e4a5be9d7d05a2dd324cd"
  integrity sha512-sVZZX3+kspVNmLWBPAB6r+7D9ZgAFPNWm66f7YNb420RlQSbn+n8rG8dGZSkrER7ZIXGQYNm5pqC3v3HopH24A==

unist-util-is@^5.0.0:
  version "5.1.0"
  resolved "https://registry.yarnpkg.com/unist-util-is/-/unist-util-is-5.1.0.tgz#93cab236c0d98e7c02265f6cfa3efe8b117a628c"
  integrity sha512-pWspZ+AvTqYbC+xWeRmzGqbcY8Na08Eowlfs2xchWTYot8vBBAq+syrE/LWS0bw1D/JOu4lwzDbEb6Mz13tK+g==

unist-util-visit-parents@^2.0.0:
  version "2.1.2"
  resolved "https://registry.yarnpkg.com/unist-util-visit-parents/-/unist-util-visit-parents-2.1.2.tgz#25e43e55312166f3348cae6743588781d112c1e9"
  integrity sha512-DyN5vD4NE3aSeB+PXYNKxzGsfocxp6asDc2XXE3b0ekO2BaRUpBicbbUygfSvYfUz1IkmjFR1YF7dPklraMZ2g==
  dependencies:
    unist-util-is "^3.0.0"

unist-util-visit-parents@^4.0.0:
  version "4.1.1"
  resolved "https://registry.yarnpkg.com/unist-util-visit-parents/-/unist-util-visit-parents-4.1.1.tgz#e83559a4ad7e6048a46b1bdb22614f2f3f4724f2"
  integrity sha512-1xAFJXAKpnnJl8G7K5KgU7FY55y3GcLIXqkzUj5QF/QVP7biUm0K0O2oqVkYsdjzJKifYeWn9+o6piAK2hGSHw==
  dependencies:
    "@types/unist" "^2.0.0"
    unist-util-is "^5.0.0"

unist-util-visit@^1.1.0:
  version "1.4.1"
  resolved "https://registry.yarnpkg.com/unist-util-visit/-/unist-util-visit-1.4.1.tgz#4724aaa8486e6ee6e26d7ff3c8685960d560b1e3"
  integrity sha512-AvGNk7Bb//EmJZyhtRUnNMEpId/AZ5Ph/KUpTI09WHQuDZHKovQ1oEv3mfmKpWKtoMzyMC4GLBm1Zy5k12fjIw==
  dependencies:
    unist-util-visit-parents "^2.0.0"

unist-util-visit@^3.0.0:
  version "3.1.0"
  resolved "https://registry.yarnpkg.com/unist-util-visit/-/unist-util-visit-3.1.0.tgz#9420d285e1aee938c7d9acbafc8e160186dbaf7b"
  integrity sha512-Szoh+R/Ll68QWAyQyZZpQzZQm2UPbxibDvaY8Xc9SUtYgPsDzx5AWSk++UUt2hJuow8mvwR+rG+LQLw+KsuAKA==
  dependencies:
    "@types/unist" "^2.0.0"
    unist-util-is "^5.0.0"
    unist-util-visit-parents "^4.0.0"

unorm@^1.4.1:
  version "1.6.0"
  resolved "https://registry.yarnpkg.com/unorm/-/unorm-1.6.0.tgz#029b289661fba714f1a9af439eb51d9b16c205af"
  integrity sha512-b2/KCUlYZUeA7JFUuRJZPUtr4gZvBh7tavtv4fvk4+KV9pfGiR6CQAQAWl49ZpR3ts2dk4FYkP7EIgDJoiOLDA==

untildify@^3.0.3:
  version "3.0.3"
  resolved "https://registry.yarnpkg.com/untildify/-/untildify-3.0.3.tgz#1e7b42b140bcfd922b22e70ca1265bfe3634c7c9"
  integrity sha512-iSk/J8efr8uPT/Z4eSUywnqyrQU7DSdMfdqK4iWEaUVVmcP5JcnpRqmVMwcwcnmI1ATFNgC5V90u09tBynNFKA==

zlibjs@^0.3.1:
  version "0.3.1"
  resolved "https://registry.yarnpkg.com/zlibjs/-/zlibjs-0.3.1.tgz#50197edb28a1c42ca659cc8b4e6a9ddd6d444554"
  integrity sha1-UBl+2yihxCymWcyLTmqd3W1ERVQ=
